
Microsoft Visual Studio Solution File, Format Version 12.00
# Visual Studio Version 17
VisualStudioVersion = 17.12.35527.113 d17.12
MinimumVisualStudioVersion = 10.0.40219.1
Project("{FAE04EC0-301F-11D3-BF4B-00C04F79EFBC}") = "CinemaApp", "CinemaApp\CinemaApp.csproj", "{C8235441-53C6-4CA2-B31B-5D8B76A30AFB}"
EndProject
Project("{FAE04EC0-301F-11D3-BF4B-00C04F79EFBC}") = "CinemaApp.Data", "CinemaApp.Data\CinemaApp.Data.csproj", "{A3425B99-4DBA-4F6A-91DD-B97AF29FA8B1}"
EndProject
Project("{FAE04EC0-301F-11D3-BF4B-00C04F79EFBC}") = "CinemaApp.Services", "CinemaApp.Services\CinemaApp.Services.csproj", "{DBA3BFC6-A3CB-4E4C-97CD-004F4FEB95A5}"
EndProject
Project("{FAE04EC0-301F-11D3-BF4B-00C04F79EFBC}") = "CinemaApp.Common", "CinemaApp.Common\CinemaApp.Common.csproj", "{0D79652D-4C3E-4BA2-82ED-E23CB369D2FC}"
EndProject
Global
	GlobalSection(SolutionConfigurationPlatforms) = preSolution
		Debug|Any CPU = Debug|Any CPU
		Release|Any CPU = Release|Any CPU
	EndGlobalSection
	GlobalSection(ProjectConfigurationPlatforms) = postSolution
		{C8235441-53C6-4CA2-B31B-5D8B76A30AFB}.Debug|Any CPU.ActiveCfg = Debug|Any CPU
		{C8235441-53C6-4CA2-B31B-5D8B76A30AFB}.Debug|Any CPU.Build.0 = Debug|Any CPU
		{C8235441-53C6-4CA2-B31B-5D8B76A30AFB}.Release|Any CPU.ActiveCfg = Release|Any CPU
		{C8235441-53C6-4CA2-B31B-5D8B76A30AFB}.Release|Any CPU.Build.0 = Release|Any CPU
		{A3425B99-4DBA-4F6A-91DD-B97AF29FA8B1}.Debug|Any CPU.ActiveCfg = Debug|Any CPU
		{A3425B99-4DBA-4F6A-91DD-B97AF29FA8B1}.Debug|Any CPU.Build.0 = Debug|Any CPU
		{A3425B99-4DBA-4F6A-91DD-B97AF29FA8B1}.Release|Any CPU.ActiveCfg = Release|Any CPU
		{A3425B99-4DBA-4F6A-91DD-B97AF29FA8B1}.Release|Any CPU.Build.0 = Release|Any CPU
		{DBA3BFC6-A3CB-4E4C-97CD-004F4FEB95A5}.Debug|Any CPU.ActiveCfg = Debug|Any CPU
		{DBA3BFC6-A3CB-4E4C-97CD-004F4FEB95A5}.Debug|Any CPU.Build.0 = Debug|Any CPU
		{DBA3BFC6-A3CB-4E4C-97CD-004F4FEB95A5}.Release|Any CPU.ActiveCfg = Release|Any CPU
		{DBA3BFC6-A3CB-4E4C-97CD-004F4FEB95A5}.Release|Any CPU.Build.0 = Release|Any CPU
		{0D79652D-4C3E-4BA2-82ED-E23CB369D2FC}.Debug|Any CPU.ActiveCfg = Debug|Any CPU
		{0D79652D-4C3E-4BA2-82ED-E23CB369D2FC}.Debug|Any CPU.Build.0 = Debug|Any CPU
		{0D79652D-4C3E-4BA2-82ED-E23CB369D2FC}.Release|Any CPU.ActiveCfg = Release|Any CPU
		{0D79652D-4C3E-4BA2-82ED-E23CB369D2FC}.Release|Any CPU.Build.0 = Release|Any CPU
	EndGlobalSection
	GlobalSection(SolutionProperties) = preSolution
		HideSolutionNode = FALSE
	EndGlobalSection
EndGlobal
